// !$*UTF8*$!
{
	archiveVersion = 1;
	classes = {
	};
	objectVersion = 52;
	objects = {

/* Begin PBXBuildFile section */
		42F47F662715CE1A004F1132 /* RSSParser.swift in Sources */ = {isa = PBXBuildFile; fileRef = 42F47F652715CE1A004F1132 /* RSSParser.swift */; };
		42F47F682715CE42004F1132 /* Item.swift in Sources */ = {isa = PBXBuildFile; fileRef = 42F47F672715CE42004F1132 /* Item.swift */; };
		42F47F6E2715D7F2004F1132 /* BTTPluginFormItem.m in Sources */ = {isa = PBXBuildFile; fileRef = 42F47F6D2715D7F2004F1132 /* BTTPluginFormItem.m */; };
		42F47F732715DADB004F1132 /* HeadLineNewsPlugin.swift in Sources */ = {isa = PBXBuildFile; fileRef = 42F47F722715DADA004F1132 /* HeadLineNewsPlugin.swift */; };
		42F47F752715DF46004F1132 /* HeadLineNewsView.swift in Sources */ = {isa = PBXBuildFile; fileRef = 42F47F742715DF46004F1132 /* HeadLineNewsView.swift */; };
		42F47F782715DF68004F1132 /* SnapKit in Frameworks */ = {isa = PBXBuildFile; productRef = 42F47F772715DF68004F1132 /* SnapKit */; };
		42F47F792715E121004F1132 /* BTTFormConstants.m in Sources */ = {isa = PBXBuildFile; fileRef = 42F47F702715D848004F1132 /* BTTFormConstants.m */; };
		42F47F7E2715E188004F1132 /* ViewController.swift in Sources */ = {isa = PBXBuildFile; fileRef = 42F47F7C2715E188004F1132 /* ViewController.swift */; };
		42F47F812715EC61004F1132 /* Preferences.swift in Sources */ = {isa = PBXBuildFile; fileRef = 42F47F802715EC61004F1132 /* Preferences.swift */; };
		42F47F842715ED11004F1132 /* Defaults in Frameworks */ = {isa = PBXBuildFile; productRef = 42F47F832715ED11004F1132 /* Defaults */; };
		42F47F872715EF73004F1132 /* NSColor.swift in Sources */ = {isa = PBXBuildFile; fileRef = 42F47F862715EF73004F1132 /* NSColor.swift */; };
/* End PBXBuildFile section */

/* Begin PBXFileReference section */
		42F47F5B2715CD69004F1132 /* HeadLineNews.btttouchbarplugin */ = {isa = PBXFileReference; explicitFileType = wrapper.cfbundle; includeInIndex = 0; path = HeadLineNews.btttouchbarplugin; sourceTree = BUILT_PRODUCTS_DIR; };
		42F47F5E2715CD69004F1132 /* Info.plist */ = {isa = PBXFileReference; lastKnownFileType = text.plist.xml; path = Info.plist; sourceTree = "<group>"; };
		42F47F642715CE1A004F1132 /* HeadLineNews-Bridging-Header.h */ = {isa = PBXFileReference; lastKnownFileType = sourcecode.c.h; path = "HeadLineNews-Bridging-Header.h"; sourceTree = "<group>"; };
		42F47F652715CE1A004F1132 /* RSSParser.swift */ = {isa = PBXFileReference; lastKnownFileType = sourcecode.swift; path = RSSParser.swift; sourceTree = "<group>"; };
		42F47F672715CE42004F1132 /* Item.swift */ = {isa = PBXFileReference; lastKnownFileType = sourcecode.swift; path = Item.swift; sourceTree = "<group>"; };
		42F47F6B2715D783004F1132 /* BTTPluginInterface.h */ = {isa = PBXFileReference; lastKnownFileType = sourcecode.c.h; path = BTTPluginInterface.h; sourceTree = "<group>"; };
		42F47F6C2715D7BB004F1132 /* BTTPluginSupport.h */ = {isa = PBXFileReference; lastKnownFileType = sourcecode.c.h; path = BTTPluginSupport.h; sourceTree = "<group>"; };
		42F47F6D2715D7F2004F1132 /* BTTPluginFormItem.m */ = {isa = PBXFileReference; lastKnownFileType = sourcecode.c.objc; path = BTTPluginFormItem.m; sourceTree = "<group>"; };
		42F47F6F2715D815004F1132 /* BTTPluginFormItem.h */ = {isa = PBXFileReference; lastKnownFileType = sourcecode.c.h; path = BTTPluginFormItem.h; sourceTree = "<group>"; };
		42F47F702715D848004F1132 /* BTTFormConstants.m */ = {isa = PBXFileReference; lastKnownFileType = sourcecode.c.objc; path = BTTFormConstants.m; sourceTree = "<group>"; };
		42F47F712715D86E004F1132 /* BTTFormConstants.h */ = {isa = PBXFileReference; lastKnownFileType = sourcecode.c.h; path = BTTFormConstants.h; sourceTree = "<group>"; };
		42F47F722715DADA004F1132 /* HeadLineNewsPlugin.swift */ = {isa = PBXFileReference; lastKnownFileType = sourcecode.swift; path = HeadLineNewsPlugin.swift; sourceTree = "<group>"; };
		42F47F742715DF46004F1132 /* HeadLineNewsView.swift */ = {isa = PBXFileReference; lastKnownFileType = sourcecode.swift; path = HeadLineNewsView.swift; sourceTree = "<group>"; };
		42F47F7C2715E188004F1132 /* ViewController.swift */ = {isa = PBXFileReference; lastKnownFileType = sourcecode.swift; path = ViewController.swift; sourceTree = "<group>"; };
		42F47F802715EC61004F1132 /* Preferences.swift */ = {isa = PBXFileReference; lastKnownFileType = sourcecode.swift; path = Preferences.swift; sourceTree = "<group>"; };
		42F47F862715EF73004F1132 /* NSColor.swift */ = {isa = PBXFileReference; lastKnownFileType = sourcecode.swift; path = NSColor.swift; sourceTree = "<group>"; };
/* End PBXFileReference section */

/* Begin PBXFrameworksBuildPhase section */
		42F47F582715CD68004F1132 /* Frameworks */ = {
			isa = PBXFrameworksBuildPhase;
			buildActionMask = 2147483647;
			files = (
				42F47F842715ED11004F1132 /* Defaults in Frameworks */,
				42F47F782715DF68004F1132 /* SnapKit in Frameworks */,
			);
			runOnlyForDeploymentPostprocessing = 0;
		};
/* End PBXFrameworksBuildPhase section */

/* Begin PBXGroup section */
		42F47F522715CD68004F1132 = {
			isa = PBXGroup;
			children = (
				42F47F5D2715CD69004F1132 /* HeadLineNews */,
				42F47F5C2715CD69004F1132 /* Products */,
			);
			sourceTree = "<group>";
		};
		42F47F5C2715CD69004F1132 /* Products */ = {
			isa = PBXGroup;
			children = (
				42F47F5B2715CD69004F1132 /* HeadLineNews.btttouchbarplugin */,
			);
			name = Products;
			sourceTree = "<group>";
		};
		42F47F5D2715CD69004F1132 /* HeadLineNews */ = {
			isa = PBXGroup;
			children = (
				42F47F5E2715CD69004F1132 /* Info.plist */,
				42F47F722715DADA004F1132 /* HeadLineNewsPlugin.swift */,
				42F47F7C2715E188004F1132 /* ViewController.swift */,
				42F47F652715CE1A004F1132 /* RSSParser.swift */,
				42F47F882715F63D004F1132 /* VIew */,
				42F47F852715EF66004F1132 /* Extensions */,
				42F47F692715D6C2004F1132 /* Model */,
				42F47F6A2715D765004F1132 /* BTTSupport */,
				42F47F642715CE1A004F1132 /* HeadLineNews-Bridging-Header.h */,
			);
			path = HeadLineNews;
			sourceTree = "<group>";
		};
		42F47F692715D6C2004F1132 /* Model */ = {
			isa = PBXGroup;
			children = (
				42F47F672715CE42004F1132 /* Item.swift */,
				42F47F802715EC61004F1132 /* Preferences.swift */,
			);
			path = Model;
			sourceTree = "<group>";
		};
		42F47F6A2715D765004F1132 /* BTTSupport */ = {
			isa = PBXGroup;
			children = (
				42F47F6B2715D783004F1132 /* BTTPluginInterface.h */,
				42F47F6C2715D7BB004F1132 /* BTTPluginSupport.h */,
				42F47F6F2715D815004F1132 /* BTTPluginFormItem.h */,
				42F47F6D2715D7F2004F1132 /* BTTPluginFormItem.m */,
				42F47F712715D86E004F1132 /* BTTFormConstants.h */,
				42F47F702715D848004F1132 /* BTTFormConstants.m */,
			);
			path = BTTSupport;
			sourceTree = "<group>";
		};
		42F47F852715EF66004F1132 /* Extensions */ = {
			isa = PBXGroup;
			children = (
				42F47F862715EF73004F1132 /* NSColor.swift */,
			);
			path = Extensions;
			sourceTree = "<group>";
		};
		42F47F882715F63D004F1132 /* VIew */ = {
			isa = PBXGroup;
			children = (
				42F47F742715DF46004F1132 /* HeadLineNewsView.swift */,
			);
			path = VIew;
			sourceTree = "<group>";
		};
/* End PBXGroup section */

/* Begin PBXNativeTarget section */
		42F47F5A2715CD68004F1132 /* HeadLineNews */ = {
			isa = PBXNativeTarget;
			buildConfigurationList = 42F47F612715CD69004F1132 /* Build configuration list for PBXNativeTarget "HeadLineNews" */;
			buildPhases = (
				42F47F572715CD68004F1132 /* Sources */,
				42F47F582715CD68004F1132 /* Frameworks */,
				42F47F592715CD68004F1132 /* Resources */,
				42C7D31727161CA000AF4710 /* Run SwiftLint */,
			);
			buildRules = (
			);
			dependencies = (
			);
			name = HeadLineNews;
			packageProductDependencies = (
				42F47F772715DF68004F1132 /* SnapKit */,
				42F47F832715ED11004F1132 /* Defaults */,
			);
			productName = HeadLineNews;
			productReference = 42F47F5B2715CD69004F1132 /* HeadLineNews.btttouchbarplugin */;
			productType = "com.apple.product-type.bundle";
		};
/* End PBXNativeTarget section */

/* Begin PBXProject section */
		42F47F532715CD68004F1132 /* Project object */ = {
			isa = PBXProject;
			attributes = {
				LastUpgradeCheck = 1250;
				TargetAttributes = {
					42F47F5A2715CD68004F1132 = {
						CreatedOnToolsVersion = 12.5.1;
						LastSwiftMigration = 1250;
					};
				};
			};
			buildConfigurationList = 42F47F562715CD68004F1132 /* Build configuration list for PBXProject "HeadLineNews" */;
			compatibilityVersion = "Xcode 9.3";
			developmentRegion = en;
			hasScannedForEncodings = 0;
			knownRegions = (
				en,
				Base,
			);
			mainGroup = 42F47F522715CD68004F1132;
			packageReferences = (
				42F47F762715DF68004F1132 /* XCRemoteSwiftPackageReference "SnapKit" */,
				42F47F822715ED11004F1132 /* XCRemoteSwiftPackageReference "Defaults" */,
			);
			productRefGroup = 42F47F5C2715CD69004F1132 /* Products */;
			projectDirPath = "";
			projectRoot = "";
			targets = (
				42F47F5A2715CD68004F1132 /* HeadLineNews */,
			);
		};
/* End PBXProject section */

/* Begin PBXResourcesBuildPhase section */
		42F47F592715CD68004F1132 /* Resources */ = {
			isa = PBXResourcesBuildPhase;
			buildActionMask = 2147483647;
			files = (
			);
			runOnlyForDeploymentPostprocessing = 0;
		};
/* End PBXResourcesBuildPhase section */

/* Begin PBXShellScriptBuildPhase section */
		42C7D31727161CA000AF4710 /* Run SwiftLint */ = {
			isa = PBXShellScriptBuildPhase;
			buildActionMask = 2147483647;
			files = (
			);
			inputFileListPaths = (
			);
			inputPaths = (
			);
			name = "Run SwiftLint";
			outputFileListPaths = (
			);
			outputPaths = (
			);
			runOnlyForDeploymentPostprocessing = 0;
			shellPath = /bin/sh;
			shellScript = "if which swiftlint >/dev/null; then\n  swiftlint --fix\n  swiftlint\nelse\n  echo \"warning: SwiftLint not installed, download from https://github.com/realm/SwiftLint\"\nfi\n";
		};
/* End PBXShellScriptBuildPhase section */

/* Begin PBXSourcesBuildPhase section */
		42F47F572715CD68004F1132 /* Sources */ = {
			isa = PBXSourcesBuildPhase;
			buildActionMask = 2147483647;
			files = (
				42F47F682715CE42004F1132 /* Item.swift in Sources */,
				42F47F732715DADB004F1132 /* HeadLineNewsPlugin.swift in Sources */,
				42F47F6E2715D7F2004F1132 /* BTTPluginFormItem.m in Sources */,
				42F47F662715CE1A004F1132 /* RSSParser.swift in Sources */,
				42F47F872715EF73004F1132 /* NSColor.swift in Sources */,
				42F47F7E2715E188004F1132 /* ViewController.swift in Sources */,
				42F47F792715E121004F1132 /* BTTFormConstants.m in Sources */,
				42F47F812715EC61004F1132 /* Preferences.swift in Sources */,
				42F47F752715DF46004F1132 /* HeadLineNewsView.swift in Sources */,
			);
			runOnlyForDeploymentPostprocessing = 0;
		};
/* End PBXSourcesBuildPhase section */

/* Begin XCBuildConfiguration section */
		42F47F5F2715CD69004F1132 /* Debug */ = {
			isa = XCBuildConfiguration;
			buildSettings = {
				ALWAYS_SEARCH_USER_PATHS = NO;
				CLANG_ANALYZER_NONNULL = YES;
				CLANG_ANALYZER_NUMBER_OBJECT_CONVERSION = YES_AGGRESSIVE;
				CLANG_CXX_LANGUAGE_STANDARD = "gnu++14";
				CLANG_CXX_LIBRARY = "libc++";
				CLANG_ENABLE_MODULES = YES;
				CLANG_ENABLE_OBJC_ARC = YES;
				CLANG_ENABLE_OBJC_WEAK = YES;
				CLANG_WARN_BLOCK_CAPTURE_AUTORELEASING = YES;
				CLANG_WARN_BOOL_CONVERSION = YES;
				CLANG_WARN_COMMA = YES;
				CLANG_WARN_CONSTANT_CONVERSION = YES;
				CLANG_WARN_DEPRECATED_OBJC_IMPLEMENTATIONS = YES;
				CLANG_WARN_DIRECT_OBJC_ISA_USAGE = YES_ERROR;
				CLANG_WARN_DOCUMENTATION_COMMENTS = YES;
				CLANG_WARN_EMPTY_BODY = YES;
				CLANG_WARN_ENUM_CONVERSION = YES;
				CLANG_WARN_INFINITE_RECURSION = YES;
				CLANG_WARN_INT_CONVERSION = YES;
				CLANG_WARN_NON_LITERAL_NULL_CONVERSION = YES;
				CLANG_WARN_OBJC_IMPLICIT_RETAIN_SELF = YES;
				CLANG_WARN_OBJC_LITERAL_CONVERSION = YES;
				CLANG_WARN_OBJC_ROOT_CLASS = YES_ERROR;
				CLANG_WARN_QUOTED_INCLUDE_IN_FRAMEWORK_HEADER = YES;
				CLANG_WARN_RANGE_LOOP_ANALYSIS = YES;
				CLANG_WARN_STRICT_PROTOTYPES = YES;
				CLANG_WARN_SUSPICIOUS_MOVE = YES;
				CLANG_WARN_UNGUARDED_AVAILABILITY = YES_AGGRESSIVE;
				CLANG_WARN_UNREACHABLE_CODE = YES;
				CLANG_WARN__DUPLICATE_METHOD_MATCH = YES;
				COPY_PHASE_STRIP = NO;
				DEBUG_INFORMATION_FORMAT = dwarf;
				ENABLE_STRICT_OBJC_MSGSEND = YES;
				ENABLE_TESTABILITY = YES;
				GCC_C_LANGUAGE_STANDARD = gnu11;
				GCC_DYNAMIC_NO_PIC = NO;
				GCC_NO_COMMON_BLOCKS = YES;
				GCC_OPTIMIZATION_LEVEL = 0;
				GCC_PREPROCESSOR_DEFINITIONS = (
					"DEBUG=1",
					"$(inherited)",
				);
				GCC_WARN_64_TO_32_BIT_CONVERSION = YES;
				GCC_WARN_ABOUT_RETURN_TYPE = YES_ERROR;
				GCC_WARN_UNDECLARED_SELECTOR = YES;
				GCC_WARN_UNINITIALIZED_AUTOS = YES_AGGRESSIVE;
				GCC_WARN_UNUSED_FUNCTION = YES;
				GCC_WARN_UNUSED_VARIABLE = YES;
				MACOSX_DEPLOYMENT_TARGET = 11.3;
				MTL_ENABLE_DEBUG_INFO = INCLUDE_SOURCE;
				MTL_FAST_MATH = YES;
				ONLY_ACTIVE_ARCH = YES;
				SDKROOT = macosx;
			};
			name = Debug;
		};
		42F47F602715CD69004F1132 /* Release */ = {
			isa = XCBuildConfiguration;
			buildSettings = {
				ALWAYS_SEARCH_USER_PATHS = NO;
				CLANG_ANALYZER_NONNULL = YES;
				CLANG_ANALYZER_NUMBER_OBJECT_CONVERSION = YES_AGGRESSIVE;
				CLANG_CXX_LANGUAGE_STANDARD = "gnu++14";
				CLANG_CXX_LIBRARY = "libc++";
				CLANG_ENABLE_MODULES = YES;
				CLANG_ENABLE_OBJC_ARC = YES;
				CLANG_ENABLE_OBJC_WEAK = YES;
				CLANG_WARN_BLOCK_CAPTURE_AUTORELEASING = YES;
				CLANG_WARN_BOOL_CONVERSION = YES;
				CLANG_WARN_COMMA = YES;
				CLANG_WARN_CONSTANT_CONVERSION = YES;
				CLANG_WARN_DEPRECATED_OBJC_IMPLEMENTATIONS = YES;
				CLANG_WARN_DIRECT_OBJC_ISA_USAGE = YES_ERROR;
				CLANG_WARN_DOCUMENTATION_COMMENTS = YES;
				CLANG_WARN_EMPTY_BODY = YES;
				CLANG_WARN_ENUM_CONVERSION = YES;
				CLANG_WARN_INFINITE_RECURSION = YES;
				CLANG_WARN_INT_CONVERSION = YES;
				CLANG_WARN_NON_LITERAL_NULL_CONVERSION = YES;
				CLANG_WARN_OBJC_IMPLICIT_RETAIN_SELF = YES;
				CLANG_WARN_OBJC_LITERAL_CONVERSION = YES;
				CLANG_WARN_OBJC_ROOT_CLASS = YES_ERROR;
				CLANG_WARN_QUOTED_INCLUDE_IN_FRAMEWORK_HEADER = YES;
				CLANG_WARN_RANGE_LOOP_ANALYSIS = YES;
				CLANG_WARN_STRICT_PROTOTYPES = YES;
				CLANG_WARN_SUSPICIOUS_MOVE = YES;
				CLANG_WARN_UNGUARDED_AVAILABILITY = YES_AGGRESSIVE;
				CLANG_WARN_UNREACHABLE_CODE = YES;
				CLANG_WARN__DUPLICATE_METHOD_MATCH = YES;
				COPY_PHASE_STRIP = NO;
				DEBUG_INFORMATION_FORMAT = "dwarf-with-dsym";
				ENABLE_NS_ASSERTIONS = NO;
				ENABLE_STRICT_OBJC_MSGSEND = YES;
				GCC_C_LANGUAGE_STANDARD = gnu11;
				GCC_NO_COMMON_BLOCKS = YES;
				GCC_WARN_64_TO_32_BIT_CONVERSION = YES;
				GCC_WARN_ABOUT_RETURN_TYPE = YES_ERROR;
				GCC_WARN_UNDECLARED_SELECTOR = YES;
				GCC_WARN_UNINITIALIZED_AUTOS = YES_AGGRESSIVE;
				GCC_WARN_UNUSED_FUNCTION = YES;
				GCC_WARN_UNUSED_VARIABLE = YES;
				MACOSX_DEPLOYMENT_TARGET = 11.3;
				MTL_ENABLE_DEBUG_INFO = NO;
				MTL_FAST_MATH = YES;
				SDKROOT = macosx;
			};
			name = Release;
		};
		42F47F622715CD69004F1132 /* Debug */ = {
			isa = XCBuildConfiguration;
			buildSettings = {
				CLANG_ENABLE_MODULES = YES;
				CODE_SIGN_STYLE = Automatic;
				COMBINE_HIDPI_IMAGES = YES;
				DEVELOPMENT_TEAM = WLCQDVKTS9;
				INFOPLIST_FILE = HeadLineNews/Info.plist;
				INSTALL_PATH = "$(LOCAL_LIBRARY_DIR)/Bundles";
				LD_RUNPATH_SEARCH_PATHS = (
					"$(inherited)",
					"@executable_path/../Frameworks",
					"@loader_path/../Frameworks",
				);
				PRODUCT_BUNDLE_IDENTIFIER = "com.p-x9.HeadLineNews";
				PRODUCT_NAME = "$(TARGET_NAME)";
				SKIP_INSTALL = YES;
				SWIFT_OBJC_BRIDGING_HEADER = "HeadLineNews/HeadLineNews-Bridging-Header.h";
				SWIFT_OPTIMIZATION_LEVEL = "-Onone";
				SWIFT_VERSION = 5.0;
				WRAPPER_EXTENSION = btttouchbarplugin;
			};
			name = Debug;
		};
		42F47F632715CD69004F1132 /* Release */ = {
			isa = XCBuildConfiguration;
			buildSettings = {
				CLANG_ENABLE_MODULES = YES;
				CODE_SIGN_STYLE = Automatic;
				COMBINE_HIDPI_IMAGES = YES;
				DEVELOPMENT_TEAM = WLCQDVKTS9;
				INFOPLIST_FILE = HeadLineNews/Info.plist;
				INSTALL_PATH = "$(LOCAL_LIBRARY_DIR)/Bundles";
				LD_RUNPATH_SEARCH_PATHS = (
					"$(inherited)",
					"@executable_path/../Frameworks",
					"@loader_path/../Frameworks",
				);
				PRODUCT_BUNDLE_IDENTIFIER = "com.p-x9.HeadLineNews";
				PRODUCT_NAME = "$(TARGET_NAME)";
				SKIP_INSTALL = YES;
				SWIFT_OBJC_BRIDGING_HEADER = "HeadLineNews/HeadLineNews-Bridging-Header.h";
				SWIFT_VERSION = 5.0;
				WRAPPER_EXTENSION = btttouchbarplugin;
			};
			name = Release;
		};
/* End XCBuildConfiguration section */

/* Begin XCConfigurationList section */
		42F47F562715CD68004F1132 /* Build configuration list for PBXProject "HeadLineNews" */ = {
			isa = XCConfigurationList;
			buildConfigurations = (
				42F47F5F2715CD69004F1132 /* Debug */,
				42F47F602715CD69004F1132 /* Release */,
			);
			defaultConfigurationIsVisible = 0;
			defaultConfigurationName = Release;
		};
		42F47F612715CD69004F1132 /* Build configuration list for PBXNativeTarget "HeadLineNews" */ = {
			isa = XCConfigurationList;
			buildConfigurations = (
				42F47F622715CD69004F1132 /* Debug */,
				42F47F632715CD69004F1132 /* Release */,
			);
			defaultConfigurationIsVisible = 0;
			defaultConfigurationName = Release;
		};
/* End XCConfigurationList section */

/* Begin XCRemoteSwiftPackageReference section */
		42F47F762715DF68004F1132 /* XCRemoteSwiftPackageReference "SnapKit" */ = {
			isa = XCRemoteSwiftPackageReference;
			repositoryURL = "https://github.com/SnapKit/SnapKit.git";
			requirement = {
				kind = upToNextMajorVersion;
				minimumVersion = 5.0.1;
			};
		};
		42F47F822715ED11004F1132 /* XCRemoteSwiftPackageReference "Defaults" */ = {
			isa = XCRemoteSwiftPackageReference;
			repositoryURL = "https://github.com/sindresorhus/Defaults.git";
			requirement = {
				kind = upToNextMajorVersion;
				minimumVersion = 5.0.0;
			};
		};
/* End XCRemoteSwiftPackageReference section */

/* Begin XCSwiftPackageProductDependency section */
		42F47F772715DF68004F1132 /* SnapKit */ = {
			isa = XCSwiftPackageProductDependency;
			package = 42F47F762715DF68004F1132 /* XCRemoteSwiftPackageReference "SnapKit" */;
			productName = SnapKit;
		};
		42F47F832715ED11004F1132 /* Defaults */ = {
			isa = XCSwiftPackageProductDependency;
			package = 42F47F822715ED11004F1132 /* XCRemoteSwiftPackageReference "Defaults" */;
			productName = Defaults;
		};
/* End XCSwiftPackageProductDependency section */
	};
	rootObject = 42F47F532715CD68004F1132 /* Project object */;
}
